
Microsoft Visual Studio Solution File, Format Version 10.00
# Visual Studio 2008
Project("{8BC9CEB8-8B4A-11D0-8D11-00A0C91BC942}") = "Bank account Assign", "Bank account Assign\Bank account Assign.vcproj", "{7AE50B12-AE57-4E31-BC01-9FD695977AD7}"
EndProject
Global
	GlobalSection(SolutionConfigurationPlatforms) = preSolution
		Debug|Win32 = Debug|Win32
		Release|Win32 = Release|Win32
	EndGlobalSection
	GlobalSection(ProjectConfigurationPlatforms) = postSolution
		{7AE50B12-AE57-4E31-BC01-9FD695977AD7}.Debug|Win32.ActiveCfg = Debug|Win32
		{7AE50B12-AE57-4E31-BC01-9FD695977AD7}.Debug|Win32.Build.0 = Debug|Win32
		{7AE50B12-AE57-4E31-BC01-9FD695977AD7}.Release|Win32.ActiveCfg = Release|Win32
		{7AE50B12-AE57-4E31-BC01-9FD695977AD7}.Release|Win32.Build.0 = Release|Win32
	EndGlobalSection
	GlobalSection(SolutionProperties) = preSolution
		HideSolutionNode = FALSE
	EndGlobalSection
EndGlobal
