
Microsoft Visual Studio Solution File, Format Version 10.00
# Visual Studio 2008
Project("{8BC9CEB8-8B4A-11D0-8D11-00A0C91BC942}") = "RPC", "RPC\RPC.vcproj", "{AF2A2BE4-3F46-4551-823E-A49272BB0A7F}"
EndProject
Global
	GlobalSection(SolutionConfigurationPlatforms) = preSolution
		Debug|Win32 = Debug|Win32
		Release|Win32 = Release|Win32
	EndGlobalSection
	GlobalSection(ProjectConfigurationPlatforms) = postSolution
		{AF2A2BE4-3F46-4551-823E-A49272BB0A7F}.Debug|Win32.ActiveCfg = Debug|Win32
		{AF2A2BE4-3F46-4551-823E-A49272BB0A7F}.Debug|Win32.Build.0 = Debug|Win32
		{AF2A2BE4-3F46-4551-823E-A49272BB0A7F}.Release|Win32.ActiveCfg = Release|Win32
		{AF2A2BE4-3F46-4551-823E-A49272BB0A7F}.Release|Win32.Build.0 = Release|Win32
	EndGlobalSection
	GlobalSection(SolutionProperties) = preSolution
		HideSolutionNode = FALSE
	EndGlobalSection
EndGlobal
