
Microsoft Visual Studio Solution File, Format Version 10.00
# Visual Studio 2008
Project("{8BC9CEB8-8B4A-11D0-8D11-00A0C91BC942}") = "Bookshop Assignment", "Bookshop Assignment\Bookshop Assignment.vcproj", "{DDDBFAF2-BF6A-41BD-AAA9-DF043504FFB5}"
EndProject
Global
	GlobalSection(SolutionConfigurationPlatforms) = preSolution
		Debug|Win32 = Debug|Win32
		Release|Win32 = Release|Win32
	EndGlobalSection
	GlobalSection(ProjectConfigurationPlatforms) = postSolution
		{DDDBFAF2-BF6A-41BD-AAA9-DF043504FFB5}.Debug|Win32.ActiveCfg = Debug|Win32
		{DDDBFAF2-BF6A-41BD-AAA9-DF043504FFB5}.Debug|Win32.Build.0 = Debug|Win32
		{DDDBFAF2-BF6A-41BD-AAA9-DF043504FFB5}.Release|Win32.ActiveCfg = Release|Win32
		{DDDBFAF2-BF6A-41BD-AAA9-DF043504FFB5}.Release|Win32.Build.0 = Release|Win32
	EndGlobalSection
	GlobalSection(SolutionProperties) = preSolution
		HideSolutionNode = FALSE
	EndGlobalSection
EndGlobal
