
Microsoft Visual Studio Solution File, Format Version 10.00
# Visual Studio 2008
Project("{8BC9CEB8-8B4A-11D0-8D11-00A0C91BC942}") = "kinuthia", "kinuthia\kinuthia.vcproj", "{4C728754-F7A1-4CE9-BFC8-C5D9AB98817C}"
EndProject
Global
	GlobalSection(SolutionConfigurationPlatforms) = preSolution
		Debug|Win32 = Debug|Win32
		Release|Win32 = Release|Win32
	EndGlobalSection
	GlobalSection(ProjectConfigurationPlatforms) = postSolution
		{4C728754-F7A1-4CE9-BFC8-C5D9AB98817C}.Debug|Win32.ActiveCfg = Debug|Win32
		{4C728754-F7A1-4CE9-BFC8-C5D9AB98817C}.Debug|Win32.Build.0 = Debug|Win32
		{4C728754-F7A1-4CE9-BFC8-C5D9AB98817C}.Release|Win32.ActiveCfg = Release|Win32
		{4C728754-F7A1-4CE9-BFC8-C5D9AB98817C}.Release|Win32.Build.0 = Release|Win32
	EndGlobalSection
	GlobalSection(SolutionProperties) = preSolution
		HideSolutionNode = FALSE
	EndGlobalSection
EndGlobal
